
Microsoft Visual Studio Solution File, Format Version 12.00
# Visual Studio Version 16
VisualStudioVersion = 16.0.31702.278
MinimumVisualStudioVersion = 10.0.40219.1
Project("{FAE04EC0-301F-11D3-BF4B-00C04F79EFBC}") = "WebApplication-TEST-COMMON", "WebApplication-TEST-COMMON\WebApplication-TEST-COMMON.csproj", "{1D17B802-A740-49C1-8EAB-7AD0B0A22067}"
EndProject
Global
	GlobalSection(SolutionConfigurationPlatforms) = preSolution
		Debug|Any CPU = Debug|Any CPU
		Release|Any CPU = Release|Any CPU
	EndGlobalSection
	GlobalSection(ProjectConfigurationPlatforms) = postSolution
		{1D17B802-A740-49C1-8EAB-7AD0B0A22067}.Debug|Any CPU.ActiveCfg = Debug|Any CPU
		{1D17B802-A740-49C1-8EAB-7AD0B0A22067}.Debug|Any CPU.Build.0 = Debug|Any CPU
		{1D17B802-A740-49C1-8EAB-7AD0B0A22067}.Release|Any CPU.ActiveCfg = Release|Any CPU
		{1D17B802-A740-49C1-8EAB-7AD0B0A22067}.Release|Any CPU.Build.0 = Release|Any CPU
	EndGlobalSection
	GlobalSection(SolutionProperties) = preSolution
		HideSolutionNode = FALSE
	EndGlobalSection
	GlobalSection(ExtensibilityGlobals) = postSolution
		SolutionGuid = {50B368E8-1778-43C4-A506-BFFB195B6C3D}
	EndGlobalSection
EndGlobal
